
Microsoft Visual Studio Solution File, Format Version 12.00
# Visual Studio Version 16
VisualStudioVersion = 16.0.29911.84
MinimumVisualStudioVersion = 10.0.40219.1
Project("{9A19103F-16F7-4668-BE54-9A1E7A4F7556}") = "01_Collections", "01_Collections\01_Collections.csproj", "{8ECC5892-EB9A-4142-86B7-4EB9A12467D1}"
EndProject
Project("{9A19103F-16F7-4668-BE54-9A1E7A4F7556}") = "02_Generics", "02_Generics\02_Generics.csproj", "{F8794DF5-358D-465C-BDB2-C04F8718BD47}"
EndProject
Project("{9A19103F-16F7-4668-BE54-9A1E7A4F7556}") = "03_AnonymousTypes", "03_AnonymousTypes\03_AnonymousTypes.csproj", "{82440BA2-A159-45EB-B977-9EC57A2C60A8}"
EndProject
Project("{9A19103F-16F7-4668-BE54-9A1E7A4F7556}") = "04_AnonymousFunctions", "04_AnonymousFunctions\04_AnonymousFunctions.csproj", "{5DF5E4F6-4923-495B-83BE-2B8907595F37}"
EndProject
Project("{9A19103F-16F7-4668-BE54-9A1E7A4F7556}") = "05_DynamicObjects", "05_DynamicObjects\05_DynamicObjects.csproj", "{0F49D3A7-AE9E-4B21-8FFA-32661F094A4F}"
EndProject
Project("{9A19103F-16F7-4668-BE54-9A1E7A4F7556}") = "06_ExtensionMethods", "06_ExtensionMethods\06_ExtensionMethods.csproj", "{EEF78E1A-3A3C-49F8-B9E3-08E99EF6E15D}"
EndProject
Project("{9A19103F-16F7-4668-BE54-9A1E7A4F7556}") = "07_MethodChaining", "07_MethodChaining\07_MethodChaining.csproj", "{77E3E538-7F2D-4CB8-A841-3DD132511446}"
EndProject
Project("{9A19103F-16F7-4668-BE54-9A1E7A4F7556}") = "09_Reflection", "09_Reflection\09_Reflection.csproj", "{CA0F817D-D564-4428-9D51-81DF529887E1}"
EndProject
Project("{9A19103F-16F7-4668-BE54-9A1E7A4F7556}") = "10_Multithreading", "10_Multithreading\10_Multithreading.csproj", "{A614CCC3-DC4B-44A7-8FE6-4F0F4544901F}"
EndProject
Project("{FAE04EC0-301F-11D3-BF4B-00C04F79EFBC}") = "11_TPL", "11_TPL\11_TPL.csproj", "{66109CBD-1493-409E-AC5F-15EBB5E31CA2}"
EndProject
Project("{FAE04EC0-301F-11D3-BF4B-00C04F79EFBC}") = "12_Parallel", "12_Parallel\12_Parallel.csproj", "{42B61E73-A749-45AD-9A57-2E444E0D0736}"
EndProject
Global
	GlobalSection(SolutionConfigurationPlatforms) = preSolution
		Debug|Any CPU = Debug|Any CPU
		Release|Any CPU = Release|Any CPU
	EndGlobalSection
	GlobalSection(ProjectConfigurationPlatforms) = postSolution
		{8ECC5892-EB9A-4142-86B7-4EB9A12467D1}.Debug|Any CPU.ActiveCfg = Debug|Any CPU
		{8ECC5892-EB9A-4142-86B7-4EB9A12467D1}.Debug|Any CPU.Build.0 = Debug|Any CPU
		{8ECC5892-EB9A-4142-86B7-4EB9A12467D1}.Release|Any CPU.ActiveCfg = Release|Any CPU
		{8ECC5892-EB9A-4142-86B7-4EB9A12467D1}.Release|Any CPU.Build.0 = Release|Any CPU
		{F8794DF5-358D-465C-BDB2-C04F8718BD47}.Debug|Any CPU.ActiveCfg = Debug|Any CPU
		{F8794DF5-358D-465C-BDB2-C04F8718BD47}.Debug|Any CPU.Build.0 = Debug|Any CPU
		{F8794DF5-358D-465C-BDB2-C04F8718BD47}.Release|Any CPU.ActiveCfg = Release|Any CPU
		{F8794DF5-358D-465C-BDB2-C04F8718BD47}.Release|Any CPU.Build.0 = Release|Any CPU
		{82440BA2-A159-45EB-B977-9EC57A2C60A8}.Debug|Any CPU.ActiveCfg = Debug|Any CPU
		{82440BA2-A159-45EB-B977-9EC57A2C60A8}.Debug|Any CPU.Build.0 = Debug|Any CPU
		{82440BA2-A159-45EB-B977-9EC57A2C60A8}.Release|Any CPU.ActiveCfg = Release|Any CPU
		{82440BA2-A159-45EB-B977-9EC57A2C60A8}.Release|Any CPU.Build.0 = Release|Any CPU
		{5DF5E4F6-4923-495B-83BE-2B8907595F37}.Debug|Any CPU.ActiveCfg = Debug|Any CPU
		{5DF5E4F6-4923-495B-83BE-2B8907595F37}.Debug|Any CPU.Build.0 = Debug|Any CPU
		{5DF5E4F6-4923-495B-83BE-2B8907595F37}.Release|Any CPU.ActiveCfg = Release|Any CPU
		{5DF5E4F6-4923-495B-83BE-2B8907595F37}.Release|Any CPU.Build.0 = Release|Any CPU
		{0F49D3A7-AE9E-4B21-8FFA-32661F094A4F}.Debug|Any CPU.ActiveCfg = Debug|Any CPU
		{0F49D3A7-AE9E-4B21-8FFA-32661F094A4F}.Debug|Any CPU.Build.0 = Debug|Any CPU
		{0F49D3A7-AE9E-4B21-8FFA-32661F094A4F}.Release|Any CPU.ActiveCfg = Release|Any CPU
		{0F49D3A7-AE9E-4B21-8FFA-32661F094A4F}.Release|Any CPU.Build.0 = Release|Any CPU
		{EEF78E1A-3A3C-49F8-B9E3-08E99EF6E15D}.Debug|Any CPU.ActiveCfg = Debug|Any CPU
		{EEF78E1A-3A3C-49F8-B9E3-08E99EF6E15D}.Debug|Any CPU.Build.0 = Debug|Any CPU
		{EEF78E1A-3A3C-49F8-B9E3-08E99EF6E15D}.Release|Any CPU.ActiveCfg = Release|Any CPU
		{EEF78E1A-3A3C-49F8-B9E3-08E99EF6E15D}.Release|Any CPU.Build.0 = Release|Any CPU
		{77E3E538-7F2D-4CB8-A841-3DD132511446}.Debug|Any CPU.ActiveCfg = Debug|Any CPU
		{77E3E538-7F2D-4CB8-A841-3DD132511446}.Debug|Any CPU.Build.0 = Debug|Any CPU
		{77E3E538-7F2D-4CB8-A841-3DD132511446}.Release|Any CPU.ActiveCfg = Release|Any CPU
		{77E3E538-7F2D-4CB8-A841-3DD132511446}.Release|Any CPU.Build.0 = Release|Any CPU
		{CA0F817D-D564-4428-9D51-81DF529887E1}.Debug|Any CPU.ActiveCfg = Debug|Any CPU
		{CA0F817D-D564-4428-9D51-81DF529887E1}.Debug|Any CPU.Build.0 = Debug|Any CPU
		{CA0F817D-D564-4428-9D51-81DF529887E1}.Release|Any CPU.ActiveCfg = Release|Any CPU
		{CA0F817D-D564-4428-9D51-81DF529887E1}.Release|Any CPU.Build.0 = Release|Any CPU
		{A614CCC3-DC4B-44A7-8FE6-4F0F4544901F}.Debug|Any CPU.ActiveCfg = Debug|Any CPU
		{A614CCC3-DC4B-44A7-8FE6-4F0F4544901F}.Debug|Any CPU.Build.0 = Debug|Any CPU
		{A614CCC3-DC4B-44A7-8FE6-4F0F4544901F}.Release|Any CPU.ActiveCfg = Release|Any CPU
		{A614CCC3-DC4B-44A7-8FE6-4F0F4544901F}.Release|Any CPU.Build.0 = Release|Any CPU
		{66109CBD-1493-409E-AC5F-15EBB5E31CA2}.Debug|Any CPU.ActiveCfg = Debug|Any CPU
		{66109CBD-1493-409E-AC5F-15EBB5E31CA2}.Debug|Any CPU.Build.0 = Debug|Any CPU
		{66109CBD-1493-409E-AC5F-15EBB5E31CA2}.Release|Any CPU.ActiveCfg = Release|Any CPU
		{66109CBD-1493-409E-AC5F-15EBB5E31CA2}.Release|Any CPU.Build.0 = Release|Any CPU
		{42B61E73-A749-45AD-9A57-2E444E0D0736}.Debug|Any CPU.ActiveCfg = Debug|Any CPU
		{42B61E73-A749-45AD-9A57-2E444E0D0736}.Debug|Any CPU.Build.0 = Debug|Any CPU
		{42B61E73-A749-45AD-9A57-2E444E0D0736}.Release|Any CPU.ActiveCfg = Release|Any CPU
		{42B61E73-A749-45AD-9A57-2E444E0D0736}.Release|Any CPU.Build.0 = Release|Any CPU
	EndGlobalSection
	GlobalSection(SolutionProperties) = preSolution
		HideSolutionNode = FALSE
	EndGlobalSection
	GlobalSection(ExtensibilityGlobals) = postSolution
		SolutionGuid = {8B139436-9429-4E01-ADC8-C6EB302A3C71}
	EndGlobalSection
EndGlobal
